<?xml version="1.0" encoding="utf-8"?>
<Project ToolsVersion="4.0" xmlns="http://schemas.microsoft.com/developer/msbuild/2003">
  <ItemGroup>
    <Filter Include="Source Files">
      <UniqueIdentifier>{4FC737F1-C7A5-4376-A066-2A32D752A2FF}</UniqueIdentifier>
      <Extensions>cpp;c;cc;cxx;def;odl;idl;hpj;bat;asm;asmx</Extensions>
    </Filter>
    <Filter Include="Header Files">
      <UniqueIdentifier>{93995380-89BD-4b04-88EB-625FBE52EBFB}</UniqueIdentifier>
      <Extensions>h;hh;hpp;hxx;hm;inl;inc;xsd</Extensions>
    </Filter>
    <Filter Include="Resource Files">
      <UniqueIdentifier>{67DA6AB6-F800-4c08-8B7A-83BB121AAD01}</UniqueIdentifier>
      <Extensions>rc;ico;cur;bmp;dlg;rc2;rct;bin;rgs;gif;jpg;jpeg;jpe;resx;tiff;tif;png;wav;mfcribbon-ms</Extensions>
    </Filter>
    <Filter Include="OnRoad">
      <UniqueIdentifier>{f0c6c43a-a706-44e3-9b5f-06a942ae8730}</UniqueIdentifier>
    </Filter>
    <Filter Include="MarionElementa">
      <UniqueIdentifier>{a30055b5-3a14-48c0-84c9-493080fc42f0}</UniqueIdentifier>
    </Filter>
    <Filter Include="Urban">
      <UniqueIdentifier>{59c209d7-c39a-4fb9-b66b-010bf2eca680}</UniqueIdentifier>
    </Filter>
  </ItemGroup>
  <ItemGroup>
    <Text Include="ReadMe.txt" />
  </ItemGroup>
  <ItemGroup>
    <ClInclude Include="stdafx.h">
      <Filter>Header Files</Filter>
    </ClInclude>
    <ClInclude Include="targetver.h">
      <Filter>Header Files</Filter>
    </ClInclude>
    <ClInclude Include="DbfFile.h">
      <Filter>Header Files</Filter>
    </ClInclude>
    <ClInclude Include="Preprocessor.h">
      <Filter>Header Files</Filter>
    </ClInclude>
    <ClInclude Include="ShapeFile.h">
      <Filter>Header Files</Filter>
    </ClInclude>
    <ClInclude Include="BoundManager.h">
      <Filter>Header Files</Filter>
    </ClInclude>
    <ClInclude Include="Grid.h">
      <Filter>Header Files</Filter>
    </ClInclude>
    <ClInclude Include="Utils.h">
      <Filter>Header Files</Filter>
    </ClInclude>
    <ClInclude Include="resource.h">
      <Filter>Header Files</Filter>
    </ClInclude>
    <ClInclude Include="ShapeCreator.h">
      <Filter>Header Files</Filter>
    </ClInclude>
    <ClInclude Include="ScaleByFuel.h">
      <Filter>Header Files</Filter>
    </ClInclude>
    <ClInclude Include="NonPointProcessor.h">
      <Filter>Header Files</Filter>
    </ClInclude>
    <ClInclude Include="ANNSearchEngine.h">
      <Filter>Header Files</Filter>
    </ClInclude>
    <ClInclude Include="RoadTimeIDW.h">
      <Filter>OnRoad</Filter>
    </ClInclude>
    <ClInclude Include="PeMSStation.h">
      <Filter>Header Files</Filter>
    </ClInclude>
    <ClInclude Include="EMFAC.h">
      <Filter>OnRoad</Filter>
    </ClInclude>
    <ClInclude Include="TemporalGridding.h">
      <Filter>Header Files</Filter>
    </ClInclude>
    <ClInclude Include="TimestructTool.h">
      <Filter>Header Files</Filter>
    </ClInclude>
    <ClInclude Include="Reallocator.h">
      <Filter>Header Files</Filter>
    </ClInclude>
    <ClInclude Include="EMFAC_FuelSplit.h">
      <Filter>OnRoad</Filter>
    </ClInclude>
    <ClInclude Include="MarionElementa.h">
      <Filter>MarionElementa</Filter>
    </ClInclude>
    <ClInclude Include="RemoteSensing.h">
      <Filter>Urban</Filter>
    </ClInclude>
    <ClInclude Include="GDAL_DS.h">
      <Filter>Header Files</Filter>
    </ClInclude>
    <ClInclude Include="TemporalGridderByShapes.h">
      <Filter>Header Files</Filter>
    </ClInclude>
    <ClInclude Include="ExtractByPolygon.h">
      <Filter>Header Files</Filter>
    </ClInclude>
    <ClInclude Include="MonteCarloProbability.h">
      <Filter>Header Files</Filter>
    </ClInclude>
    <ClInclude Include="Vulcan2014.h">
      <Filter>Header Files</Filter>
    </ClInclude>
    <ClInclude Include="MultitheadIntersection.h">
      <Filter>Header Files</Filter>
    </ClInclude>
    <ClInclude Include="Geographies.h">
      <Filter>Source Files</Filter>
    </ClInclude>
    <ClInclude Include="NeiborhoodOptimizationMatrixPrep.h">
      <Filter>Header Files</Filter>
    </ClInclude>
    <ClInclude Include="RasterizationGridder.h">
      <Filter>Header Files</Filter>
    </ClInclude>
    <ClInclude Include="SparseFractionGrid.h">
      <Filter>Header Files</Filter>
    </ClInclude>
    <ClInclude Include="BatchDOE.h">
      <Filter>Header Files</Filter>
    </ClInclude>
    <ClInclude Include="LosAngeles.h">
      <Filter>Header Files</Filter>
    </ClInclude>
    <ClInclude Include="shapes.h">
      <Filter>Source Files</Filter>
    </ClInclude>
    <ClInclude Include="Vulcan2Hestia.h">
      <Filter>Header Files</Filter>
    </ClInclude>
  </ItemGroup>
  <ItemGroup>
    <ClCompile Include="stdafx.cpp">
      <Filter>Source Files</Filter>
    </ClCompile>
    <ClCompile Include="DbfFile.cpp">
      <Filter>Source Files</Filter>
    </ClCompile>
    <ClCompile Include="main.cpp">
      <Filter>Source Files</Filter>
    </ClCompile>
    <ClCompile Include="Preprocessor.cpp">
      <Filter>Source Files</Filter>
    </ClCompile>
    <ClCompile Include="ShapeFile.cpp">
      <Filter>Source Files</Filter>
    </ClCompile>
    <ClCompile Include="BoundManager.cpp">
      <Filter>Source Files</Filter>
    </ClCompile>
    <ClCompile Include="Grid.cpp">
      <Filter>Source Files</Filter>
    </ClCompile>
    <ClCompile Include="Utils.cpp">
      <Filter>Source Files</Filter>
    </ClCompile>
    <ClCompile Include="ShapeCreator.cpp">
      <Filter>Source Files</Filter>
    </ClCompile>
    <ClCompile Include="ScaleByFuel.cpp">
      <Filter>Source Files</Filter>
    </ClCompile>
    <ClCompile Include="NonPointProcessor.cpp">
      <Filter>Source Files</Filter>
    </ClCompile>
    <ClCompile Include="ANNSearchEngine.cpp">
      <Filter>Source Files</Filter>
    </ClCompile>
    <ClCompile Include="RoadTimeIDW.cpp">
      <Filter>OnRoad</Filter>
    </ClCompile>
    <ClCompile Include="PeMSStation.cpp">
      <Filter>Source Files</Filter>
    </ClCompile>
    <ClCompile Include="EMFAC.cpp">
      <Filter>OnRoad</Filter>
    </ClCompile>
    <ClCompile Include="TemporalGridding.cpp">
      <Filter>Source Files</Filter>
    </ClCompile>
    <ClCompile Include="TimestructTool.cpp">
      <Filter>Source Files</Filter>
    </ClCompile>
    <ClCompile Include="Reallocator.cpp">
      <Filter>Source Files</Filter>
    </ClCompile>
    <ClCompile Include="EMFAC_FuelSplit.cpp">
      <Filter>OnRoad</Filter>
    </ClCompile>
    <ClCompile Include="MarionElementa.cpp">
      <Filter>MarionElementa</Filter>
    </ClCompile>
    <ClCompile Include="RemoteSensing.cpp">
      <Filter>Urban</Filter>
    </ClCompile>
    <ClCompile Include="GDAL_DS.cpp">
      <Filter>Source Files</Filter>
    </ClCompile>
    <ClCompile Include="TemporalGridderByShapes.cpp">
      <Filter>Source Files</Filter>
    </ClCompile>
    <ClCompile Include="ExtractByPolygon.cpp">
      <Filter>Source Files</Filter>
    </ClCompile>
    <ClCompile Include="MonteCarloProbability.cpp">
      <Filter>Source Files</Filter>
    </ClCompile>
    <ClCompile Include="Vulcan2014.cpp">
      <Filter>Source Files</Filter>
    </ClCompile>
    <ClCompile Include="MultitheadIntersection.cpp">
      <Filter>Source Files</Filter>
    </ClCompile>
    <ClCompile Include="Geographies.cpp">
      <Filter>Source Files</Filter>
    </ClCompile>
    <ClCompile Include="NeiborhoodOptimizationMatrixPrep.cpp">
      <Filter>Source Files</Filter>
    </ClCompile>
    <ClCompile Include="RasterizationGridder.cpp">
      <Filter>Source Files</Filter>
    </ClCompile>
    <ClCompile Include="SparseFractionGrid.cpp">
      <Filter>Source Files</Filter>
    </ClCompile>
    <ClCompile Include="BatchDOE.cpp">
      <Filter>Source Files</Filter>
    </ClCompile>
    <ClCompile Include="LosAngeles.cpp">
      <Filter>Source Files</Filter>
    </ClCompile>
    <ClCompile Include="Vulcan2Hestia.cpp">
      <Filter>Source Files</Filter>
    </ClCompile>
  </ItemGroup>
  <ItemGroup>
    <ResourceCompile Include="Shapefiles2Grid.rc">
      <Filter>Resource Files</Filter>
    </ResourceCompile>
  </ItemGroup>
</Project>